
Microsoft Visual Studio Solution File, Format Version 12.00
# Visual Studio Version 16
VisualStudioVersion = 16.0.30621.155
MinimumVisualStudioVersion = 10.0.40219.1
Project("{FAE04EC0-301F-11D3-BF4B-00C04F79EFBC}") = "Task_1", "Task_1.csproj", "{BE821CF8-4497-4D12-8FB1-0A331B462172}"
EndProject
Global
	GlobalSection(SolutionConfigurationPlatforms) = preSolution
		Debug|Any CPU = Debug|Any CPU
		Release|Any CPU = Release|Any CPU
	EndGlobalSection
	GlobalSection(ProjectConfigurationPlatforms) = postSolution
		{BE821CF8-4497-4D12-8FB1-0A331B462172}.Debug|Any CPU.ActiveCfg = Debug|Any CPU
		{BE821CF8-4497-4D12-8FB1-0A331B462172}.Debug|Any CPU.Build.0 = Debug|Any CPU
		{BE821CF8-4497-4D12-8FB1-0A331B462172}.Release|Any CPU.ActiveCfg = Release|Any CPU
		{BE821CF8-4497-4D12-8FB1-0A331B462172}.Release|Any CPU.Build.0 = Release|Any CPU
	EndGlobalSection
	GlobalSection(SolutionProperties) = preSolution
		HideSolutionNode = FALSE
	EndGlobalSection
	GlobalSection(ExtensibilityGlobals) = postSolution
		SolutionGuid = {AB3786A8-B963-4EA5-957E-BF334122487A}
	EndGlobalSection
EndGlobal
