
Microsoft Visual Studio Solution File, Format Version 12.00
# Visual Studio Version 16
VisualStudioVersion = 16.0.30804.86
MinimumVisualStudioVersion = 10.0.40219.1
Project("{FAE04EC0-301F-11D3-BF4B-00C04F79EFBC}") = "Task_2", "Task_2\Task_2.csproj", "{3F1CD5CC-4C2B-478F-AC5B-5C2AE8929ADC}"
EndProject
Global
	GlobalSection(SolutionConfigurationPlatforms) = preSolution
		Debug|Any CPU = Debug|Any CPU
		Release|Any CPU = Release|Any CPU
	EndGlobalSection
	GlobalSection(ProjectConfigurationPlatforms) = postSolution
		{3F1CD5CC-4C2B-478F-AC5B-5C2AE8929ADC}.Debug|Any CPU.ActiveCfg = Debug|Any CPU
		{3F1CD5CC-4C2B-478F-AC5B-5C2AE8929ADC}.Debug|Any CPU.Build.0 = Debug|Any CPU
		{3F1CD5CC-4C2B-478F-AC5B-5C2AE8929ADC}.Release|Any CPU.ActiveCfg = Release|Any CPU
		{3F1CD5CC-4C2B-478F-AC5B-5C2AE8929ADC}.Release|Any CPU.Build.0 = Release|Any CPU
	EndGlobalSection
	GlobalSection(SolutionProperties) = preSolution
		HideSolutionNode = FALSE
	EndGlobalSection
	GlobalSection(ExtensibilityGlobals) = postSolution
		SolutionGuid = {A0EC2F3D-00DD-459E-8AB4-82525B90BFB0}
	EndGlobalSection
EndGlobal
